
Microsoft Visual Studio Solution File, Format Version 12.00
# Visual Studio 15
VisualStudioVersion = 15.0.28307.902
MinimumVisualStudioVersion = 10.0.40219.1
Project("{FAE04EC0-301F-11D3-BF4B-00C04F79EFBC}") = "ProductWebApi", "ProductWebApi\ProductWebApi.csproj", "{DDB8227E-324E-4EC1-977B-DAF4068ED6A5}"
EndProject
Global
	GlobalSection(SolutionConfigurationPlatforms) = preSolution
		Debug|Any CPU = Debug|Any CPU
		Release|Any CPU = Release|Any CPU
	EndGlobalSection
	GlobalSection(ProjectConfigurationPlatforms) = postSolution
		{DDB8227E-324E-4EC1-977B-DAF4068ED6A5}.Debug|Any CPU.ActiveCfg = Debug|Any CPU
		{DDB8227E-324E-4EC1-977B-DAF4068ED6A5}.Debug|Any CPU.Build.0 = Debug|Any CPU
		{DDB8227E-324E-4EC1-977B-DAF4068ED6A5}.Release|Any CPU.ActiveCfg = Release|Any CPU
		{DDB8227E-324E-4EC1-977B-DAF4068ED6A5}.Release|Any CPU.Build.0 = Release|Any CPU
	EndGlobalSection
	GlobalSection(SolutionProperties) = preSolution
		HideSolutionNode = FALSE
	EndGlobalSection
	GlobalSection(ExtensibilityGlobals) = postSolution
		SolutionGuid = {CDDCE840-5ADF-4F06-A2A5-9593E17DBEC6}
	EndGlobalSection
EndGlobal
